// !$*UTF8*$!
{
	archiveVersion = 1;
	classes = {
	};
	objectVersion = 46;
	objects = {

/* Begin PBXBuildFile section */
		FAF760211B9A5A0200F25CA4 /* AppDelegate.swift in Sources */ = {isa = PBXBuildFile; fileRef = FAF760201B9A5A0200F25CA4 /* AppDelegate.swift */; };
		FAF760231B9A5A0200F25CA4 /* ViewController.swift in Sources */ = {isa = PBXBuildFile; fileRef = FAF760221B9A5A0200F25CA4 /* ViewController.swift */; };
		FAF760261B9A5A0200F25CA4 /* Main.storyboard in Resources */ = {isa = PBXBuildFile; fileRef = FAF760241B9A5A0200F25CA4 /* Main.storyboard */; };
		FAF760281B9A5A0200F25CA4 /* Images.xcassets in Resources */ = {isa = PBXBuildFile; fileRef = FAF760271B9A5A0200F25CA4 /* Images.xcassets */; };
		FAF7602B1B9A5A0200F25CA4 /* LaunchScreen.xib in Resources */ = {isa = PBXBuildFile; fileRef = FAF760291B9A5A0200F25CA4 /* LaunchScreen.xib */; };
		FAF760371B9A5A0200F25CA4 /* UnicornTests.swift in Sources */ = {isa = PBXBuildFile; fileRef = FAF760361B9A5A0200F25CA4 /* UnicornTests.swift */; };
		FAF760411B9ACD8000F25CA4 /* ScheduleFromCell.swift in Sources */ = {isa = PBXBuildFile; fileRef = FAF760401B9ACD8000F25CA4 /* ScheduleFromCell.swift */; };
		FAF760431B9AD9D400F25CA4 /* TravellersCell.swift in Sources */ = {isa = PBXBuildFile; fileRef = FAF760421B9AD9D400F25CA4 /* TravellersCell.swift */; };
		FAF760451B9AD9E900F25CA4 /* TravellersViewController.swift in Sources */ = {isa = PBXBuildFile; fileRef = FAF760441B9AD9E900F25CA4 /* TravellersViewController.swift */; };
		FAF760471B9ADC7700F25CA4 /* StartViewController.swift in Sources */ = {isa = PBXBuildFile; fileRef = FAF760461B9ADC7700F25CA4 /* StartViewController.swift */; };
		FAF7604D1B9AE23F00F25CA4 /* Beacons.swift in Sources */ = {isa = PBXBuildFile; fileRef = FAF7604C1B9AE23F00F25CA4 /* Beacons.swift */; };
		FAF7604F1B9B015400F25CA4 /* BeacViewController.swift in Sources */ = {isa = PBXBuildFile; fileRef = FAF7604E1B9B015400F25CA4 /* BeacViewController.swift */; };
/* End PBXBuildFile section */

/* Begin PBXContainerItemProxy section */
		FAF760311B9A5A0200F25CA4 /* PBXContainerItemProxy */ = {
			isa = PBXContainerItemProxy;
			containerPortal = FAF760131B9A5A0200F25CA4 /* Project object */;
			proxyType = 1;
			remoteGlobalIDString = FAF7601A1B9A5A0200F25CA4;
			remoteInfo = Unicorn;
		};
/* End PBXContainerItemProxy section */

/* Begin PBXFileReference section */
		FAF7601B1B9A5A0200F25CA4 /* Unicorn.app */ = {isa = PBXFileReference; explicitFileType = wrapper.application; includeInIndex = 0; path = Unicorn.app; sourceTree = BUILT_PRODUCTS_DIR; };
		FAF7601F1B9A5A0200F25CA4 /* Info.plist */ = {isa = PBXFileReference; lastKnownFileType = text.plist.xml; path = Info.plist; sourceTree = "<group>"; };
		FAF760201B9A5A0200F25CA4 /* AppDelegate.swift */ = {isa = PBXFileReference; lastKnownFileType = sourcecode.swift; path = AppDelegate.swift; sourceTree = "<group>"; };
		FAF760221B9A5A0200F25CA4 /* ViewController.swift */ = {isa = PBXFileReference; lastKnownFileType = sourcecode.swift; path = ViewController.swift; sourceTree = "<group>"; };
		FAF760251B9A5A0200F25CA4 /* Base */ = {isa = PBXFileReference; lastKnownFileType = file.storyboard; name = Base; path = Base.lproj/Main.storyboard; sourceTree = "<group>"; };
		FAF760271B9A5A0200F25CA4 /* Images.xcassets */ = {isa = PBXFileReference; lastKnownFileType = folder.assetcatalog; path = Images.xcassets; sourceTree = "<group>"; };
		FAF7602A1B9A5A0200F25CA4 /* Base */ = {isa = PBXFileReference; lastKnownFileType = file.xib; name = Base; path = Base.lproj/LaunchScreen.xib; sourceTree = "<group>"; };
		FAF760301B9A5A0200F25CA4 /* UnicornTests.xctest */ = {isa = PBXFileReference; explicitFileType = wrapper.cfbundle; includeInIndex = 0; path = UnicornTests.xctest; sourceTree = BUILT_PRODUCTS_DIR; };
		FAF760351B9A5A0200F25CA4 /* Info.plist */ = {isa = PBXFileReference; lastKnownFileType = text.plist.xml; path = Info.plist; sourceTree = "<group>"; };
		FAF760361B9A5A0200F25CA4 /* UnicornTests.swift */ = {isa = PBXFileReference; lastKnownFileType = sourcecode.swift; path = UnicornTests.swift; sourceTree = "<group>"; };
		FAF760401B9ACD8000F25CA4 /* ScheduleFromCell.swift */ = {isa = PBXFileReference; fileEncoding = 4; lastKnownFileType = sourcecode.swift; path = ScheduleFromCell.swift; sourceTree = "<group>"; };
		FAF760421B9AD9D400F25CA4 /* TravellersCell.swift */ = {isa = PBXFileReference; fileEncoding = 4; lastKnownFileType = sourcecode.swift; path = TravellersCell.swift; sourceTree = "<group>"; };
		FAF760441B9AD9E900F25CA4 /* TravellersViewController.swift */ = {isa = PBXFileReference; fileEncoding = 4; lastKnownFileType = sourcecode.swift; path = TravellersViewController.swift; sourceTree = "<group>"; };
		FAF760461B9ADC7700F25CA4 /* StartViewController.swift */ = {isa = PBXFileReference; fileEncoding = 4; lastKnownFileType = sourcecode.swift; path = StartViewController.swift; sourceTree = "<group>"; };
		FAF7604C1B9AE23F00F25CA4 /* Beacons.swift */ = {isa = PBXFileReference; fileEncoding = 4; lastKnownFileType = sourcecode.swift; path = Beacons.swift; sourceTree = "<group>"; };
		FAF7604E1B9B015400F25CA4 /* BeacViewController.swift */ = {isa = PBXFileReference; fileEncoding = 4; lastKnownFileType = sourcecode.swift; path = BeacViewController.swift; sourceTree = "<group>"; };
/* End PBXFileReference section */

/* Begin PBXFrameworksBuildPhase section */
		FAF760181B9A5A0200F25CA4 /* Frameworks */ = {
			isa = PBXFrameworksBuildPhase;
			buildActionMask = 2147483647;
			files = (
			);
			runOnlyForDeploymentPostprocessing = 0;
		};
		FAF7602D1B9A5A0200F25CA4 /* Frameworks */ = {
			isa = PBXFrameworksBuildPhase;
			buildActionMask = 2147483647;
			files = (
			);
			runOnlyForDeploymentPostprocessing = 0;
		};
/* End PBXFrameworksBuildPhase section */

/* Begin PBXGroup section */
		FAF760121B9A5A0200F25CA4 = {
			isa = PBXGroup;
			children = (
				FAF7601D1B9A5A0200F25CA4 /* Unicorn */,
				FAF760331B9A5A0200F25CA4 /* UnicornTests */,
				FAF7601C1B9A5A0200F25CA4 /* Products */,
			);
			sourceTree = "<group>";
		};
		FAF7601C1B9A5A0200F25CA4 /* Products */ = {
			isa = PBXGroup;
			children = (
				FAF7601B1B9A5A0200F25CA4 /* Unicorn.app */,
				FAF760301B9A5A0200F25CA4 /* UnicornTests.xctest */,
			);
			name = Products;
			sourceTree = "<group>";
		};
		FAF7601D1B9A5A0200F25CA4 /* Unicorn */ = {
			isa = PBXGroup;
			children = (
				FAF760201B9A5A0200F25CA4 /* AppDelegate.swift */,
				FAF7604A1B9AE1DB00F25CA4 /* View Controllers */,
				FAF7604B1B9AE1EF00F25CA4 /* Cells */,
				FAF760241B9A5A0200F25CA4 /* Main.storyboard */,
				FAF7604C1B9AE23F00F25CA4 /* Beacons.swift */,
				FAF760271B9A5A0200F25CA4 /* Images.xcassets */,
				FAF760291B9A5A0200F25CA4 /* LaunchScreen.xib */,
				FAF7601E1B9A5A0200F25CA4 /* Supporting Files */,
			);
			path = Unicorn;
			sourceTree = "<group>";
		};
		FAF7601E1B9A5A0200F25CA4 /* Supporting Files */ = {
			isa = PBXGroup;
			children = (
				FAF7601F1B9A5A0200F25CA4 /* Info.plist */,
			);
			name = "Supporting Files";
			sourceTree = "<group>";
		};
		FAF760331B9A5A0200F25CA4 /* UnicornTests */ = {
			isa = PBXGroup;
			children = (
				FAF760361B9A5A0200F25CA4 /* UnicornTests.swift */,
				FAF760341B9A5A0200F25CA4 /* Supporting Files */,
			);
			path = UnicornTests;
			sourceTree = "<group>";
		};
		FAF760341B9A5A0200F25CA4 /* Supporting Files */ = {
			isa = PBXGroup;
			children = (
				FAF760351B9A5A0200F25CA4 /* Info.plist */,
			);
			name = "Supporting Files";
			sourceTree = "<group>";
		};
		FAF7604A1B9AE1DB00F25CA4 /* View Controllers */ = {
			isa = PBXGroup;
			children = (
				FAF760461B9ADC7700F25CA4 /* StartViewController.swift */,
				FAF760441B9AD9E900F25CA4 /* TravellersViewController.swift */,
				FAF7604E1B9B015400F25CA4 /* BeacViewController.swift */,
				FAF760221B9A5A0200F25CA4 /* ViewController.swift */,
			);
			name = "View Controllers";
			sourceTree = "<group>";
		};
		FAF7604B1B9AE1EF00F25CA4 /* Cells */ = {
			isa = PBXGroup;
			children = (
				FAF760421B9AD9D400F25CA4 /* TravellersCell.swift */,
				FAF760401B9ACD8000F25CA4 /* ScheduleFromCell.swift */,
			);
			name = Cells;
			sourceTree = "<group>";
		};
/* End PBXGroup section */

/* Begin PBXNativeTarget section */
		FAF7601A1B9A5A0200F25CA4 /* Unicorn */ = {
			isa = PBXNativeTarget;
			buildConfigurationList = FAF7603A1B9A5A0200F25CA4 /* Build configuration list for PBXNativeTarget "Unicorn" */;
			buildPhases = (
				FAF760171B9A5A0200F25CA4 /* Sources */,
				FAF760181B9A5A0200F25CA4 /* Frameworks */,
				FAF760191B9A5A0200F25CA4 /* Resources */,
			);
			buildRules = (
			);
			dependencies = (
			);
			name = Unicorn;
			productName = Unicorn;
			productReference = FAF7601B1B9A5A0200F25CA4 /* Unicorn.app */;
			productType = "com.apple.product-type.application";
		};
		FAF7602F1B9A5A0200F25CA4 /* UnicornTests */ = {
			isa = PBXNativeTarget;
			buildConfigurationList = FAF7603D1B9A5A0200F25CA4 /* Build configuration list for PBXNativeTarget "UnicornTests" */;
			buildPhases = (
				FAF7602C1B9A5A0200F25CA4 /* Sources */,
				FAF7602D1B9A5A0200F25CA4 /* Frameworks */,
				FAF7602E1B9A5A0200F25CA4 /* Resources */,
			);
			buildRules = (
			);
			dependencies = (
				FAF760321B9A5A0200F25CA4 /* PBXTargetDependency */,
			);
			name = UnicornTests;
			productName = UnicornTests;
			productReference = FAF760301B9A5A0200F25CA4 /* UnicornTests.xctest */;
			productType = "com.apple.product-type.bundle.unit-test";
		};
/* End PBXNativeTarget section */

/* Begin PBXProject section */
		FAF760131B9A5A0200F25CA4 /* Project object */ = {
			isa = PBXProject;
			attributes = {
				LastUpgradeCheck = 0640;
				ORGANIZATIONNAME = "The Unicorns";
				TargetAttributes = {
					FAF7601A1B9A5A0200F25CA4 = {
						CreatedOnToolsVersion = 6.4;
					};
					FAF7602F1B9A5A0200F25CA4 = {
						CreatedOnToolsVersion = 6.4;
						TestTargetID = FAF7601A1B9A5A0200F25CA4;
					};
				};
			};
			buildConfigurationList = FAF760161B9A5A0200F25CA4 /* Build configuration list for PBXProject "Unicorn" */;
			compatibilityVersion = "Xcode 3.2";
			developmentRegion = English;
			hasScannedForEncodings = 0;
			knownRegions = (
				en,
				Base,
			);
			mainGroup = FAF760121B9A5A0200F25CA4;
			productRefGroup = FAF7601C1B9A5A0200F25CA4 /* Products */;
			projectDirPath = "";
			projectRoot = "";
			targets = (
				FAF7601A1B9A5A0200F25CA4 /* Unicorn */,
				FAF7602F1B9A5A0200F25CA4 /* UnicornTests */,
			);
		};
/* End PBXProject section */

/* Begin PBXResourcesBuildPhase section */
		FAF760191B9A5A0200F25CA4 /* Resources */ = {
			isa = PBXResourcesBuildPhase;
			buildActionMask = 2147483647;
			files = (
				FAF760261B9A5A0200F25CA4 /* Main.storyboard in Resources */,
				FAF7602B1B9A5A0200F25CA4 /* LaunchScreen.xib in Resources */,
				FAF760281B9A5A0200F25CA4 /* Images.xcassets in Resources */,
			);
			runOnlyForDeploymentPostprocessing = 0;
		};
		FAF7602E1B9A5A0200F25CA4 /* Resources */ = {
			isa = PBXResourcesBuildPhase;
			buildActionMask = 2147483647;
			files = (
			);
			runOnlyForDeploymentPostprocessing = 0;
		};
/* End PBXResourcesBuildPhase section */

/* Begin PBXSourcesBuildPhase section */
		FAF760171B9A5A0200F25CA4 /* Sources */ = {
			isa = PBXSourcesBuildPhase;
			buildActionMask = 2147483647;
			files = (
				FAF7604D1B9AE23F00F25CA4 /* Beacons.swift in Sources */,
				FAF760231B9A5A0200F25CA4 /* ViewController.swift in Sources */,
				FAF760451B9AD9E900F25CA4 /* TravellersViewController.swift in Sources */,
				FAF760211B9A5A0200F25CA4 /* AppDelegate.swift in Sources */,
				FAF760411B9ACD8000F25CA4 /* ScheduleFromCell.swift in Sources */,
				FAF7604F1B9B015400F25CA4 /* BeacViewController.swift in Sources */,
				FAF760431B9AD9D400F25CA4 /* TravellersCell.swift in Sources */,
				FAF760471B9ADC7700F25CA4 /* StartViewController.swift in Sources */,
			);
			runOnlyForDeploymentPostprocessing = 0;
		};
		FAF7602C1B9A5A0200F25CA4 /* Sources */ = {
			isa = PBXSourcesBuildPhase;
			buildActionMask = 2147483647;
			files = (
				FAF760371B9A5A0200F25CA4 /* UnicornTests.swift in Sources */,
			);
			runOnlyForDeploymentPostprocessing = 0;
		};
/* End PBXSourcesBuildPhase section */

/* Begin PBXTargetDependency section */
		FAF760321B9A5A0200F25CA4 /* PBXTargetDependency */ = {
			isa = PBXTargetDependency;
			target = FAF7601A1B9A5A0200F25CA4 /* Unicorn */;
			targetProxy = FAF760311B9A5A0200F25CA4 /* PBXContainerItemProxy */;
		};
/* End PBXTargetDependency section */

/* Begin PBXVariantGroup section */
		FAF760241B9A5A0200F25CA4 /* Main.storyboard */ = {
			isa = PBXVariantGroup;
			children = (
				FAF760251B9A5A0200F25CA4 /* Base */,
			);
			name = Main.storyboard;
			sourceTree = "<group>";
		};
		FAF760291B9A5A0200F25CA4 /* LaunchScreen.xib */ = {
			isa = PBXVariantGroup;
			children = (
				FAF7602A1B9A5A0200F25CA4 /* Base */,
			);
			name = LaunchScreen.xib;
			sourceTree = "<group>";
		};
/* End PBXVariantGroup section */

/* Begin XCBuildConfiguration section */
		FAF760381B9A5A0200F25CA4 /* Debug */ = {
			isa = XCBuildConfiguration;
			buildSettings = {
				ALWAYS_SEARCH_USER_PATHS = NO;
				CLANG_CXX_LANGUAGE_STANDARD = "gnu++0x";
				CLANG_CXX_LIBRARY = "libc++";
				CLANG_ENABLE_MODULES = YES;
				CLANG_ENABLE_OBJC_ARC = YES;
				CLANG_WARN_BOOL_CONVERSION = YES;
				CLANG_WARN_CONSTANT_CONVERSION = YES;
				CLANG_WARN_DIRECT_OBJC_ISA_USAGE = YES_ERROR;
				CLANG_WARN_EMPTY_BODY = YES;
				CLANG_WARN_ENUM_CONVERSION = YES;
				CLANG_WARN_INT_CONVERSION = YES;
				CLANG_WARN_OBJC_ROOT_CLASS = YES_ERROR;
				CLANG_WARN_UNREACHABLE_CODE = YES;
				CLANG_WARN__DUPLICATE_METHOD_MATCH = YES;
				"CODE_SIGN_IDENTITY[sdk=iphoneos*]" = "iPhone Developer";
				COPY_PHASE_STRIP = NO;
				DEBUG_INFORMATION_FORMAT = "dwarf-with-dsym";
				ENABLE_STRICT_OBJC_MSGSEND = YES;
				GCC_C_LANGUAGE_STANDARD = gnu99;
				GCC_DYNAMIC_NO_PIC = NO;
				GCC_NO_COMMON_BLOCKS = YES;
				GCC_OPTIMIZATION_LEVEL = 0;
				GCC_PREPROCESSOR_DEFINITIONS = (
					"DEBUG=1",
					"$(inherited)",
				);
				GCC_SYMBOLS_PRIVATE_EXTERN = NO;
				GCC_WARN_64_TO_32_BIT_CONVERSION = YES;
				GCC_WARN_ABOUT_RETURN_TYPE = YES_ERROR;
				GCC_WARN_UNDECLARED_SELECTOR = YES;
				GCC_WARN_UNINITIALIZED_AUTOS = YES_AGGRESSIVE;
				GCC_WARN_UNUSED_FUNCTION = YES;
				GCC_WARN_UNUSED_VARIABLE = YES;
				IPHONEOS_DEPLOYMENT_TARGET = 8.4;
				MTL_ENABLE_DEBUG_INFO = YES;
				ONLY_ACTIVE_ARCH = YES;
				SDKROOT = iphoneos;
				SWIFT_OPTIMIZATION_LEVEL = "-Onone";
			};
			name = Debug;
		};
		FAF760391B9A5A0200F25CA4 /* Release */ = {
			isa = XCBuildConfiguration;
			buildSettings = {
				ALWAYS_SEARCH_USER_PATHS = NO;
				CLANG_CXX_LANGUAGE_STANDARD = "gnu++0x";
				CLANG_CXX_LIBRARY = "libc++";
				CLANG_ENABLE_MODULES = YES;
				CLANG_ENABLE_OBJC_ARC = YES;
				CLANG_WARN_BOOL_CONVERSION = YES;
				CLANG_WARN_CONSTANT_CONVERSION = YES;
				CLANG_WARN_DIRECT_OBJC_ISA_USAGE = YES_ERROR;
				CLANG_WARN_EMPTY_BODY = YES;
				CLANG_WARN_ENUM_CONVERSION = YES;
				CLANG_WARN_INT_CONVERSION = YES;
				CLANG_WARN_OBJC_ROOT_CLASS = YES_ERROR;
				CLANG_WARN_UNREACHABLE_CODE = YES;
				CLANG_WARN__DUPLICATE_METHOD_MATCH = YES;
				"CODE_SIGN_IDENTITY[sdk=iphoneos*]" = "iPhone Developer";
				COPY_PHASE_STRIP = NO;
				DEBUG_INFORMATION_FORMAT = "dwarf-with-dsym";
				ENABLE_NS_ASSERTIONS = NO;
				ENABLE_STRICT_OBJC_MSGSEND = YES;
				GCC_C_LANGUAGE_STANDARD = gnu99;
				GCC_NO_COMMON_BLOCKS = YES;
				GCC_WARN_64_TO_32_BIT_CONVERSION = YES;
				GCC_WARN_ABOUT_RETURN_TYPE = YES_ERROR;
				GCC_WARN_UNDECLARED_SELECTOR = YES;
				GCC_WARN_UNINITIALIZED_AUTOS = YES_AGGRESSIVE;
				GCC_WARN_UNUSED_FUNCTION = YES;
				GCC_WARN_UNUSED_VARIABLE = YES;
				IPHONEOS_DEPLOYMENT_TARGET = 8.4;
				MTL_ENABLE_DEBUG_INFO = NO;
				SDKROOT = iphoneos;
				VALIDATE_PRODUCT = YES;
			};
			name = Release;
		};
		FAF7603B1B9A5A0200F25CA4 /* Debug */ = {
			isa = XCBuildConfiguration;
			buildSettings = {
				ASSETCATALOG_COMPILER_APPICON_NAME = AppIcon;
				ASSETCATALOG_COMPILER_LAUNCHIMAGE_NAME = "LaunchImage-1";
				INFOPLIST_FILE = Unicorn/Info.plist;
				LD_RUNPATH_SEARCH_PATHS = "$(inherited) @executable_path/Frameworks";
				PRODUCT_NAME = "$(TARGET_NAME)";
			};
			name = Debug;
		};
		FAF7603C1B9A5A0200F25CA4 /* Release */ = {
			isa = XCBuildConfiguration;
			buildSettings = {
				ASSETCATALOG_COMPILER_APPICON_NAME = AppIcon;
				ASSETCATALOG_COMPILER_LAUNCHIMAGE_NAME = "LaunchImage-1";
				INFOPLIST_FILE = Unicorn/Info.plist;
				LD_RUNPATH_SEARCH_PATHS = "$(inherited) @executable_path/Frameworks";
				PRODUCT_NAME = "$(TARGET_NAME)";
			};
			name = Release;
		};
		FAF7603E1B9A5A0200F25CA4 /* Debug */ = {
			isa = XCBuildConfiguration;
			buildSettings = {
				BUNDLE_LOADER = "$(TEST_HOST)";
				FRAMEWORK_SEARCH_PATHS = (
					"$(SDKROOT)/Developer/Library/Frameworks",
					"$(inherited)",
				);
				GCC_PREPROCESSOR_DEFINITIONS = (
					"DEBUG=1",
					"$(inherited)",
				);
				INFOPLIST_FILE = UnicornTests/Info.plist;
				LD_RUNPATH_SEARCH_PATHS = "$(inherited) @executable_path/Frameworks @loader_path/Frameworks";
				PRODUCT_NAME = "$(TARGET_NAME)";
				TEST_HOST = "$(BUILT_PRODUCTS_DIR)/Unicorn.app/Unicorn";
			};
			name = Debug;
		};
		FAF7603F1B9A5A0200F25CA4 /* Release */ = {
			isa = XCBuildConfiguration;
			buildSettings = {
				BUNDLE_LOADER = "$(TEST_HOST)";
				FRAMEWORK_SEARCH_PATHS = (
					"$(SDKROOT)/Developer/Library/Frameworks",
					"$(inherited)",
				);
				INFOPLIST_FILE = UnicornTests/Info.plist;
				LD_RUNPATH_SEARCH_PATHS = "$(inherited) @executable_path/Frameworks @loader_path/Frameworks";
				PRODUCT_NAME = "$(TARGET_NAME)";
				TEST_HOST = "$(BUILT_PRODUCTS_DIR)/Unicorn.app/Unicorn";
			};
			name = Release;
		};
/* End XCBuildConfiguration section */

/* Begin XCConfigurationList section */
		FAF760161B9A5A0200F25CA4 /* Build configuration list for PBXProject "Unicorn" */ = {
			isa = XCConfigurationList;
			buildConfigurations = (
				FAF760381B9A5A0200F25CA4 /* Debug */,
				FAF760391B9A5A0200F25CA4 /* Release */,
			);
			defaultConfigurationIsVisible = 0;
			defaultConfigurationName = Release;
		};
		FAF7603A1B9A5A0200F25CA4 /* Build configuration list for PBXNativeTarget "Unicorn" */ = {
			isa = XCConfigurationList;
			buildConfigurations = (
				FAF7603B1B9A5A0200F25CA4 /* Debug */,
				FAF7603C1B9A5A0200F25CA4 /* Release */,
			);
			defaultConfigurationIsVisible = 0;
			defaultConfigurationName = Release;
		};
		FAF7603D1B9A5A0200F25CA4 /* Build configuration list for PBXNativeTarget "UnicornTests" */ = {
			isa = XCConfigurationList;
			buildConfigurations = (
				FAF7603E1B9A5A0200F25CA4 /* Debug */,
				FAF7603F1B9A5A0200F25CA4 /* Release */,
			);
			defaultConfigurationIsVisible = 0;
			defaultConfigurationName = Release;
		};
/* End XCConfigurationList section */
	};
	rootObject = FAF760131B9A5A0200F25CA4 /* Project object */;
}
